
Microsoft Visual Studio Solution File, Format Version 12.00
# Visual Studio 14
VisualStudioVersion = 14.0.24720.0
MinimumVisualStudioVersion = 10.0.40219.1
Project("{E24C65DC-7377-472B-9ABA-BC803B73C61A}") = "Group 3 Project(4)", ".", "{4C232CFC-EE90-4E3F-8C1C-ABD486688085}"
	ProjectSection(WebsiteProperties) = preProject
		TargetFrameworkMoniker = ".NETFramework,Version%3Dv4.5.2"
		Debug.AspNetCompiler.VirtualPath = "/localhost_62344"
		Debug.AspNetCompiler.PhysicalPath = "G:\CISS247\Homework\Group Project\Sprint 2\Group 3 Project\"
		Debug.AspNetCompiler.TargetPath = "PrecompiledWeb\localhost_62344\"
		Debug.AspNetCompiler.Updateable = "true"
		Debug.AspNetCompiler.ForceOverwrite = "true"
		Debug.AspNetCompiler.FixedNames = "false"
		Debug.AspNetCompiler.Debug = "True"
		Release.AspNetCompiler.VirtualPath = "/localhost_62344"
		Release.AspNetCompiler.PhysicalPath = "G:\CISS247\Homework\Group Project\Sprint 2\Group 3 Project\"
		Release.AspNetCompiler.TargetPath = "PrecompiledWeb\localhost_62344\"
		Release.AspNetCompiler.Updateable = "true"
		Release.AspNetCompiler.ForceOverwrite = "true"
		Release.AspNetCompiler.FixedNames = "false"
		Release.AspNetCompiler.Debug = "False"
		VWDPort = "62344"
	EndProjectSection
EndProject
Global
	GlobalSection(SolutionConfigurationPlatforms) = preSolution
		Debug|Any CPU = Debug|Any CPU
	EndGlobalSection
	GlobalSection(ProjectConfigurationPlatforms) = postSolution
		{4C232CFC-EE90-4E3F-8C1C-ABD486688085}.Debug|Any CPU.ActiveCfg = Debug|Any CPU
		{4C232CFC-EE90-4E3F-8C1C-ABD486688085}.Debug|Any CPU.Build.0 = Debug|Any CPU
	EndGlobalSection
	GlobalSection(SolutionProperties) = preSolution
		HideSolutionNode = FALSE
	EndGlobalSection
EndGlobal
